// !$*UTF8*$!
{
	archiveVersion = 1;
	classes = {
	};
	objectVersion = 50;
	objects = {

/* Begin PBXBuildFile section */
		690A45A3239856F90056D921 /* PhotoCollectionController.swift in Sources */ = {isa = PBXBuildFile; fileRef = 690A45A2239856F90056D921 /* PhotoCollectionController.swift */; };
		690A45A52398EA2D0056D921 /* GroupCell.swift in Sources */ = {isa = PBXBuildFile; fileRef = 690A45A42398EA2D0056D921 /* GroupCell.swift */; };
		690A45A923998B0D0056D921 /* GroupTableViewController.swift in Sources */ = {isa = PBXBuildFile; fileRef = 690A45A823998B0C0056D921 /* GroupTableViewController.swift */; };
		696DBC28238C69DA00E1BEFD /* AppDelegate.swift in Sources */ = {isa = PBXBuildFile; fileRef = 696DBC27238C69DA00E1BEFD /* AppDelegate.swift */; };
		696DBC2A238C69DA00E1BEFD /* SceneDelegate.swift in Sources */ = {isa = PBXBuildFile; fileRef = 696DBC29238C69DA00E1BEFD /* SceneDelegate.swift */; };
		696DBC2C238C69DA00E1BEFD /* ViewController.swift in Sources */ = {isa = PBXBuildFile; fileRef = 696DBC2B238C69DA00E1BEFD /* ViewController.swift */; };
		696DBC2F238C69DA00E1BEFD /* Main.storyboard in Resources */ = {isa = PBXBuildFile; fileRef = 696DBC2D238C69DA00E1BEFD /* Main.storyboard */; };
		696DBC34238C69E400E1BEFD /* LaunchScreen.storyboard in Resources */ = {isa = PBXBuildFile; fileRef = 696DBC32238C69E400E1BEFD /* LaunchScreen.storyboard */; };
		6975AF02239669D300131CEC /* User.swift in Sources */ = {isa = PBXBuildFile; fileRef = 6975AF01239669D300131CEC /* User.swift */; };
		6975AF04239669DF00131CEC /* Group.swift in Sources */ = {isa = PBXBuildFile; fileRef = 6975AF03239669DF00131CEC /* Group.swift */; };
		6975AF0723969E2D00131CEC /* FriendCell.swift in Sources */ = {isa = PBXBuildFile; fileRef = 6975AF0623969E2D00131CEC /* FriendCell.swift */; };
		6975AF0923969E4100131CEC /* PhotoCell.swift in Sources */ = {isa = PBXBuildFile; fileRef = 6975AF0823969E4100131CEC /* PhotoCell.swift */; };
		6975AF0B23969EE700131CEC /* FriendTableViewController.swift in Sources */ = {isa = PBXBuildFile; fileRef = 6975AF0A23969EE700131CEC /* FriendTableViewController.swift */; };
		6986CFB423918B3600765890 /* Picture.xcassets in Resources */ = {isa = PBXBuildFile; fileRef = 6986CFB323918B3600765890 /* Picture.xcassets */; };
		698CAFBD2399A8B70076049F /* GlobalGroupTableViewController.swift in Sources */ = {isa = PBXBuildFile; fileRef = 698CAFBC2399A8B70076049F /* GlobalGroupTableViewController.swift */; };
/* End PBXBuildFile section */

/* Begin PBXFileReference section */
		690A45A2239856F90056D921 /* PhotoCollectionController.swift */ = {isa = PBXFileReference; lastKnownFileType = sourcecode.swift; path = PhotoCollectionController.swift; sourceTree = "<group>"; };
		690A45A42398EA2D0056D921 /* GroupCell.swift */ = {isa = PBXFileReference; lastKnownFileType = sourcecode.swift; path = GroupCell.swift; sourceTree = "<group>"; };
		690A45A823998B0C0056D921 /* GroupTableViewController.swift */ = {isa = PBXFileReference; lastKnownFileType = sourcecode.swift; path = GroupTableViewController.swift; sourceTree = "<group>"; };
		696DBC24238C69DA00E1BEFD /* GBVk.app */ = {isa = PBXFileReference; explicitFileType = wrapper.application; includeInIndex = 0; path = GBVk.app; sourceTree = BUILT_PRODUCTS_DIR; };
		696DBC27238C69DA00E1BEFD /* AppDelegate.swift */ = {isa = PBXFileReference; lastKnownFileType = sourcecode.swift; path = AppDelegate.swift; sourceTree = "<group>"; };
		696DBC29238C69DA00E1BEFD /* SceneDelegate.swift */ = {isa = PBXFileReference; lastKnownFileType = sourcecode.swift; path = SceneDelegate.swift; sourceTree = "<group>"; };
		696DBC2B238C69DA00E1BEFD /* ViewController.swift */ = {isa = PBXFileReference; lastKnownFileType = sourcecode.swift; path = ViewController.swift; sourceTree = "<group>"; };
		696DBC2E238C69DA00E1BEFD /* Base */ = {isa = PBXFileReference; lastKnownFileType = file.storyboard; name = Base; path = Base.lproj/Main.storyboard; sourceTree = "<group>"; };
		696DBC33238C69E400E1BEFD /* Base */ = {isa = PBXFileReference; lastKnownFileType = file.storyboard; name = Base; path = Base.lproj/LaunchScreen.storyboard; sourceTree = "<group>"; };
		696DBC35238C69E400E1BEFD /* Info.plist */ = {isa = PBXFileReference; lastKnownFileType = text.plist.xml; path = Info.plist; sourceTree = "<group>"; };
		6975AF01239669D300131CEC /* User.swift */ = {isa = PBXFileReference; lastKnownFileType = sourcecode.swift; path = User.swift; sourceTree = "<group>"; };
		6975AF03239669DF00131CEC /* Group.swift */ = {isa = PBXFileReference; lastKnownFileType = sourcecode.swift; path = Group.swift; sourceTree = "<group>"; };
		6975AF0623969E2D00131CEC /* FriendCell.swift */ = {isa = PBXFileReference; lastKnownFileType = sourcecode.swift; path = FriendCell.swift; sourceTree = "<group>"; };
		6975AF0823969E4100131CEC /* PhotoCell.swift */ = {isa = PBXFileReference; lastKnownFileType = sourcecode.swift; path = PhotoCell.swift; sourceTree = "<group>"; };
		6975AF0A23969EE700131CEC /* FriendTableViewController.swift */ = {isa = PBXFileReference; lastKnownFileType = sourcecode.swift; path = FriendTableViewController.swift; sourceTree = "<group>"; };
		6986CFB323918B3600765890 /* Picture.xcassets */ = {isa = PBXFileReference; lastKnownFileType = folder.assetcatalog; path = Picture.xcassets; sourceTree = "<group>"; };
		698CAFBC2399A8B70076049F /* GlobalGroupTableViewController.swift */ = {isa = PBXFileReference; lastKnownFileType = sourcecode.swift; path = GlobalGroupTableViewController.swift; sourceTree = "<group>"; };
/* End PBXFileReference section */

/* Begin PBXFrameworksBuildPhase section */
		696DBC21238C69DA00E1BEFD /* Frameworks */ = {
			isa = PBXFrameworksBuildPhase;
			buildActionMask = 2147483647;
			files = (
			);
			runOnlyForDeploymentPostprocessing = 0;
		};
/* End PBXFrameworksBuildPhase section */

/* Begin PBXGroup section */
		696DBC1B238C69DA00E1BEFD = {
			isa = PBXGroup;
			children = (
				696DBC26238C69DA00E1BEFD /* GBVk */,
				696DBC25238C69DA00E1BEFD /* Products */,
			);
			sourceTree = "<group>";
		};
		696DBC25238C69DA00E1BEFD /* Products */ = {
			isa = PBXGroup;
			children = (
				696DBC24238C69DA00E1BEFD /* GBVk.app */,
			);
			name = Products;
			sourceTree = "<group>";
		};
		696DBC26238C69DA00E1BEFD /* GBVk */ = {
			isa = PBXGroup;
			children = (
				6975AF0523969E1800131CEC /* UI */,
				6975AF0C239701EE00131CEC /* Controllers */,
				6975AF00239644E800131CEC /* Model */,
				696DBC27238C69DA00E1BEFD /* AppDelegate.swift */,
				696DBC29238C69DA00E1BEFD /* SceneDelegate.swift */,
				696DBC2D238C69DA00E1BEFD /* Main.storyboard */,
				696DBC32238C69E400E1BEFD /* LaunchScreen.storyboard */,
				696DBC35238C69E400E1BEFD /* Info.plist */,
				6986CFB323918B3600765890 /* Picture.xcassets */,
			);
			path = GBVk;
			sourceTree = "<group>";
		};
		6975AF00239644E800131CEC /* Model */ = {
			isa = PBXGroup;
			children = (
				6975AF01239669D300131CEC /* User.swift */,
				6975AF03239669DF00131CEC /* Group.swift */,
			);
			path = Model;
			sourceTree = "<group>";
		};
		6975AF0523969E1800131CEC /* UI */ = {
			isa = PBXGroup;
			children = (
				6975AF0623969E2D00131CEC /* FriendCell.swift */,
				6975AF0823969E4100131CEC /* PhotoCell.swift */,
				690A45A42398EA2D0056D921 /* GroupCell.swift */,
			);
			path = UI;
			sourceTree = "<group>";
		};
		6975AF0C239701EE00131CEC /* Controllers */ = {
			isa = PBXGroup;
			children = (
				696DBC2B238C69DA00E1BEFD /* ViewController.swift */,
				6975AF0A23969EE700131CEC /* FriendTableViewController.swift */,
				690A45A2239856F90056D921 /* PhotoCollectionController.swift */,
				690A45A823998B0C0056D921 /* GroupTableViewController.swift */,
				698CAFBC2399A8B70076049F /* GlobalGroupTableViewController.swift */,
			);
			path = Controllers;
			sourceTree = "<group>";
		};
/* End PBXGroup section */

/* Begin PBXNativeTarget section */
		696DBC23238C69DA00E1BEFD /* GBVk */ = {
			isa = PBXNativeTarget;
			buildConfigurationList = 696DBC38238C69E400E1BEFD /* Build configuration list for PBXNativeTarget "GBVk" */;
			buildPhases = (
				696DBC20238C69DA00E1BEFD /* Sources */,
				696DBC21238C69DA00E1BEFD /* Frameworks */,
				696DBC22238C69DA00E1BEFD /* Resources */,
			);
			buildRules = (
			);
			dependencies = (
			);
			name = GBVk;
			productName = GBVk;
			productReference = 696DBC24238C69DA00E1BEFD /* GBVk.app */;
			productType = "com.apple.product-type.application";
		};
/* End PBXNativeTarget section */

/* Begin PBXProject section */
		696DBC1C238C69DA00E1BEFD /* Project object */ = {
			isa = PBXProject;
			attributes = {
				LastSwiftUpdateCheck = 1120;
				LastUpgradeCheck = 1120;
				ORGANIZATIONNAME = "Даниил Мурыгин";
				TargetAttributes = {
					696DBC23238C69DA00E1BEFD = {
						CreatedOnToolsVersion = 11.2;
					};
				};
			};
			buildConfigurationList = 696DBC1F238C69DA00E1BEFD /* Build configuration list for PBXProject "GBVk" */;
			compatibilityVersion = "Xcode 9.3";
			developmentRegion = en;
			hasScannedForEncodings = 0;
			knownRegions = (
				en,
				Base,
			);
			mainGroup = 696DBC1B238C69DA00E1BEFD;
			productRefGroup = 696DBC25238C69DA00E1BEFD /* Products */;
			projectDirPath = "";
			projectRoot = "";
			targets = (
				696DBC23238C69DA00E1BEFD /* GBVk */,
			);
		};
/* End PBXProject section */

/* Begin PBXResourcesBuildPhase section */
		696DBC22238C69DA00E1BEFD /* Resources */ = {
			isa = PBXResourcesBuildPhase;
			buildActionMask = 2147483647;
			files = (
				696DBC34238C69E400E1BEFD /* LaunchScreen.storyboard in Resources */,
				6986CFB423918B3600765890 /* Picture.xcassets in Resources */,
				696DBC2F238C69DA00E1BEFD /* Main.storyboard in Resources */,
			);
			runOnlyForDeploymentPostprocessing = 0;
		};
/* End PBXResourcesBuildPhase section */

/* Begin PBXSourcesBuildPhase section */
		696DBC20238C69DA00E1BEFD /* Sources */ = {
			isa = PBXSourcesBuildPhase;
			buildActionMask = 2147483647;
			files = (
				6975AF0923969E4100131CEC /* PhotoCell.swift in Sources */,
				6975AF02239669D300131CEC /* User.swift in Sources */,
				6975AF0723969E2D00131CEC /* FriendCell.swift in Sources */,
				6975AF0B23969EE700131CEC /* FriendTableViewController.swift in Sources */,
				698CAFBD2399A8B70076049F /* GlobalGroupTableViewController.swift in Sources */,
				690A45A3239856F90056D921 /* PhotoCollectionController.swift in Sources */,
				690A45A52398EA2D0056D921 /* GroupCell.swift in Sources */,
				696DBC2C238C69DA00E1BEFD /* ViewController.swift in Sources */,
				696DBC28238C69DA00E1BEFD /* AppDelegate.swift in Sources */,
				6975AF04239669DF00131CEC /* Group.swift in Sources */,
				696DBC2A238C69DA00E1BEFD /* SceneDelegate.swift in Sources */,
				690A45A923998B0D0056D921 /* GroupTableViewController.swift in Sources */,
			);
			runOnlyForDeploymentPostprocessing = 0;
		};
/* End PBXSourcesBuildPhase section */

/* Begin PBXVariantGroup section */
		696DBC2D238C69DA00E1BEFD /* Main.storyboard */ = {
			isa = PBXVariantGroup;
			children = (
				696DBC2E238C69DA00E1BEFD /* Base */,
			);
			name = Main.storyboard;
			sourceTree = "<group>";
		};
		696DBC32238C69E400E1BEFD /* LaunchScreen.storyboard */ = {
			isa = PBXVariantGroup;
			children = (
				696DBC33238C69E400E1BEFD /* Base */,
			);
			name = LaunchScreen.storyboard;
			sourceTree = "<group>";
		};
/* End PBXVariantGroup section */

/* Begin XCBuildConfiguration section */
		696DBC36238C69E400E1BEFD /* Debug */ = {
			isa = XCBuildConfiguration;
			buildSettings = {
				ALWAYS_SEARCH_USER_PATHS = NO;
				CLANG_ANALYZER_NONNULL = YES;
				CLANG_ANALYZER_NUMBER_OBJECT_CONVERSION = YES_AGGRESSIVE;
				CLANG_CXX_LANGUAGE_STANDARD = "gnu++14";
				CLANG_CXX_LIBRARY = "libc++";
				CLANG_ENABLE_MODULES = YES;
				CLANG_ENABLE_OBJC_ARC = YES;
				CLANG_ENABLE_OBJC_WEAK = YES;
				CLANG_WARN_BLOCK_CAPTURE_AUTORELEASING = YES;
				CLANG_WARN_BOOL_CONVERSION = YES;
				CLANG_WARN_COMMA = YES;
				CLANG_WARN_CONSTANT_CONVERSION = YES;
				CLANG_WARN_DEPRECATED_OBJC_IMPLEMENTATIONS = YES;
				CLANG_WARN_DIRECT_OBJC_ISA_USAGE = YES_ERROR;
				CLANG_WARN_DOCUMENTATION_COMMENTS = YES;
				CLANG_WARN_EMPTY_BODY = YES;
				CLANG_WARN_ENUM_CONVERSION = YES;
				CLANG_WARN_INFINITE_RECURSION = YES;
				CLANG_WARN_INT_CONVERSION = YES;
				CLANG_WARN_NON_LITERAL_NULL_CONVERSION = YES;
				CLANG_WARN_OBJC_IMPLICIT_RETAIN_SELF = YES;
				CLANG_WARN_OBJC_LITERAL_CONVERSION = YES;
				CLANG_WARN_OBJC_ROOT_CLASS = YES_ERROR;
				CLANG_WARN_RANGE_LOOP_ANALYSIS = YES;
				CLANG_WARN_STRICT_PROTOTYPES = YES;
				CLANG_WARN_SUSPICIOUS_MOVE = YES;
				CLANG_WARN_UNGUARDED_AVAILABILITY = YES_AGGRESSIVE;
				CLANG_WARN_UNREACHABLE_CODE = YES;
				CLANG_WARN__DUPLICATE_METHOD_MATCH = YES;
				COPY_PHASE_STRIP = NO;
				DEBUG_INFORMATION_FORMAT = dwarf;
				ENABLE_STRICT_OBJC_MSGSEND = YES;
				ENABLE_TESTABILITY = YES;
				GCC_C_LANGUAGE_STANDARD = gnu11;
				GCC_DYNAMIC_NO_PIC = NO;
				GCC_NO_COMMON_BLOCKS = YES;
				GCC_OPTIMIZATION_LEVEL = 0;
				GCC_PREPROCESSOR_DEFINITIONS = (
					"DEBUG=1",
					"$(inherited)",
				);
				GCC_WARN_64_TO_32_BIT_CONVERSION = YES;
				GCC_WARN_ABOUT_RETURN_TYPE = YES_ERROR;
				GCC_WARN_UNDECLARED_SELECTOR = YES;
				GCC_WARN_UNINITIALIZED_AUTOS = YES_AGGRESSIVE;
				GCC_WARN_UNUSED_FUNCTION = YES;
				GCC_WARN_UNUSED_VARIABLE = YES;
				IPHONEOS_DEPLOYMENT_TARGET = 13.2;
				MTL_ENABLE_DEBUG_INFO = INCLUDE_SOURCE;
				MTL_FAST_MATH = YES;
				ONLY_ACTIVE_ARCH = YES;
				SDKROOT = iphoneos;
				SWIFT_ACTIVE_COMPILATION_CONDITIONS = DEBUG;
				SWIFT_OPTIMIZATION_LEVEL = "-Onone";
			};
			name = Debug;
		};
		696DBC37238C69E400E1BEFD /* Release */ = {
			isa = XCBuildConfiguration;
			buildSettings = {
				ALWAYS_SEARCH_USER_PATHS = NO;
				CLANG_ANALYZER_NONNULL = YES;
				CLANG_ANALYZER_NUMBER_OBJECT_CONVERSION = YES_AGGRESSIVE;
				CLANG_CXX_LANGUAGE_STANDARD = "gnu++14";
				CLANG_CXX_LIBRARY = "libc++";
				CLANG_ENABLE_MODULES = YES;
				CLANG_ENABLE_OBJC_ARC = YES;
				CLANG_ENABLE_OBJC_WEAK = YES;
				CLANG_WARN_BLOCK_CAPTURE_AUTORELEASING = YES;
				CLANG_WARN_BOOL_CONVERSION = YES;
				CLANG_WARN_COMMA = YES;
				CLANG_WARN_CONSTANT_CONVERSION = YES;
				CLANG_WARN_DEPRECATED_OBJC_IMPLEMENTATIONS = YES;
				CLANG_WARN_DIRECT_OBJC_ISA_USAGE = YES_ERROR;
				CLANG_WARN_DOCUMENTATION_COMMENTS = YES;
				CLANG_WARN_EMPTY_BODY = YES;
				CLANG_WARN_ENUM_CONVERSION = YES;
				CLANG_WARN_INFINITE_RECURSION = YES;
				CLANG_WARN_INT_CONVERSION = YES;
				CLANG_WARN_NON_LITERAL_NULL_CONVERSION = YES;
				CLANG_WARN_OBJC_IMPLICIT_RETAIN_SELF = YES;
				CLANG_WARN_OBJC_LITERAL_CONVERSION = YES;
				CLANG_WARN_OBJC_ROOT_CLASS = YES_ERROR;
				CLANG_WARN_RANGE_LOOP_ANALYSIS = YES;
				CLANG_WARN_STRICT_PROTOTYPES = YES;
				CLANG_WARN_SUSPICIOUS_MOVE = YES;
				CLANG_WARN_UNGUARDED_AVAILABILITY = YES_AGGRESSIVE;
				CLANG_WARN_UNREACHABLE_CODE = YES;
				CLANG_WARN__DUPLICATE_METHOD_MATCH = YES;
				COPY_PHASE_STRIP = NO;
				DEBUG_INFORMATION_FORMAT = "dwarf-with-dsym";
				ENABLE_NS_ASSERTIONS = NO;
				ENABLE_STRICT_OBJC_MSGSEND = YES;
				GCC_C_LANGUAGE_STANDARD = gnu11;
				GCC_NO_COMMON_BLOCKS = YES;
				GCC_WARN_64_TO_32_BIT_CONVERSION = YES;
				GCC_WARN_ABOUT_RETURN_TYPE = YES_ERROR;
				GCC_WARN_UNDECLARED_SELECTOR = YES;
				GCC_WARN_UNINITIALIZED_AUTOS = YES_AGGRESSIVE;
				GCC_WARN_UNUSED_FUNCTION = YES;
				GCC_WARN_UNUSED_VARIABLE = YES;
				IPHONEOS_DEPLOYMENT_TARGET = 13.2;
				MTL_ENABLE_DEBUG_INFO = NO;
				MTL_FAST_MATH = YES;
				SDKROOT = iphoneos;
				SWIFT_COMPILATION_MODE = wholemodule;
				SWIFT_OPTIMIZATION_LEVEL = "-O";
				VALIDATE_PRODUCT = YES;
			};
			name = Release;
		};
		696DBC39238C69E400E1BEFD /* Debug */ = {
			isa = XCBuildConfiguration;
			buildSettings = {
				ASSETCATALOG_COMPILER_APPICON_NAME = AppIcon;
				CODE_SIGN_STYLE = Automatic;
				DEVELOPMENT_TEAM = PP7W3PD67Z;
				INFOPLIST_FILE = GBVk/Info.plist;
				LD_RUNPATH_SEARCH_PATHS = (
					"$(inherited)",
					"@executable_path/Frameworks",
				);
				PRODUCT_BUNDLE_IDENTIFIER = test.GBVk;
				PRODUCT_NAME = "$(TARGET_NAME)";
				SWIFT_VERSION = 5.0;
				TARGETED_DEVICE_FAMILY = "1,2";
			};
			name = Debug;
		};
		696DBC3A238C69E400E1BEFD /* Release */ = {
			isa = XCBuildConfiguration;
			buildSettings = {
				ASSETCATALOG_COMPILER_APPICON_NAME = AppIcon;
				CODE_SIGN_STYLE = Automatic;
				DEVELOPMENT_TEAM = PP7W3PD67Z;
				INFOPLIST_FILE = GBVk/Info.plist;
				LD_RUNPATH_SEARCH_PATHS = (
					"$(inherited)",
					"@executable_path/Frameworks",
				);
				PRODUCT_BUNDLE_IDENTIFIER = test.GBVk;
				PRODUCT_NAME = "$(TARGET_NAME)";
				SWIFT_VERSION = 5.0;
				TARGETED_DEVICE_FAMILY = "1,2";
			};
			name = Release;
		};
/* End XCBuildConfiguration section */

/* Begin XCConfigurationList section */
		696DBC1F238C69DA00E1BEFD /* Build configuration list for PBXProject "GBVk" */ = {
			isa = XCConfigurationList;
			buildConfigurations = (
				696DBC36238C69E400E1BEFD /* Debug */,
				696DBC37238C69E400E1BEFD /* Release */,
			);
			defaultConfigurationIsVisible = 0;
			defaultConfigurationName = Release;
		};
		696DBC38238C69E400E1BEFD /* Build configuration list for PBXNativeTarget "GBVk" */ = {
			isa = XCConfigurationList;
			buildConfigurations = (
				696DBC39238C69E400E1BEFD /* Debug */,
				696DBC3A238C69E400E1BEFD /* Release */,
			);
			defaultConfigurationIsVisible = 0;
			defaultConfigurationName = Release;
		};
/* End XCConfigurationList section */
	};
	rootObject = 696DBC1C238C69DA00E1BEFD /* Project object */;
}
